
Microsoft Visual Studio Solution File, Format Version 12.00
# Visual Studio Version 16
VisualStudioVersion = 25.0.1705.3
MinimumVisualStudioVersion = 10.0.40219.1
Project("{2150E333-8FDC-42A3-9474-1A3956D46DE8}") = "Services", "Services", "{AE5C6D54-A607-4D79-AB5C-86C8D88A1547}"
EndProject
Project("{2150E333-8FDC-42A3-9474-1A3956D46DE8}") = "Catalog", "Catalog", "{856F5C04-86B8-413D-8BE1-8EE0BA7BB85E}"
EndProject
Project("{FAE04EC0-301F-11D3-BF4B-00C04F79EFBC}") = "Catalog.API", "Services\Catalog\Catalog.API\Catalog.API.csproj", "{EFFF2685-D50F-486A-81B0-5DB43943F3C1}"
EndProject
Project("{E53339B2-1760-4266-BCC7-CA923CBCF16C}") = "docker-compose", "docker-compose.dcproj", "{5A799D72-45C9-4E11-A1B3-443CA2897E5F}"
EndProject
Project("{2150E333-8FDC-42A3-9474-1A3956D46DE8}") = "Basket", "Basket", "{8AC5AD72-B116-46C8-AB97-36D6DDA6B811}"
EndProject
Project("{FAE04EC0-301F-11D3-BF4B-00C04F79EFBC}") = "Basket.API", "Services\Basket\Basket.API\Basket.API.csproj", "{54D6909C-724F-4C78-91C8-1A04095F3D1E}"
EndProject
Project("{2150E333-8FDC-42A3-9474-1A3956D46DE8}") = "Discount", "Discount", "{085D8F9B-36DC-47CD-98E4-6BF17D77D532}"
EndProject
Project("{FAE04EC0-301F-11D3-BF4B-00C04F79EFBC}") = "Discount.API", "Services\Discount\Discount.API\Discount.API.csproj", "{E0E1E90B-7951-4BE2-BD14-B02E984D46A1}"
EndProject
Project("{FAE04EC0-301F-11D3-BF4B-00C04F79EFBC}") = "Discount.Grpc", "Services\Discount\Discount.Grpc\Discount.Grpc.csproj", "{51B48758-95B9-4044-B934-0AE85AD485BC}"
EndProject
Project("{2150E333-8FDC-42A3-9474-1A3956D46DE8}") = "Ordering", "Ordering", "{BB4B90DF-731C-487E-9831-B90EF97817B4}"
EndProject
Project("{FAE04EC0-301F-11D3-BF4B-00C04F79EFBC}") = "Ordering.Domain", "Services\Ordering\Ordering.Domain\Ordering.Domain.csproj", "{FB9F33BD-9E4F-42C1-B457-2981F564E1BF}"
EndProject
Project("{FAE04EC0-301F-11D3-BF4B-00C04F79EFBC}") = "Ordering.Application", "Services\Ordering\Ordering.Application\Ordering.Application.csproj", "{12528C36-ADD2-497B-81F6-BDA90CB7BBC7}"
EndProject
Project("{2150E333-8FDC-42A3-9474-1A3956D46DE8}") = "Solution Items", "Solution Items", "{1956E62B-E27F-4F36-835C-AA638B4A7844}"
	ProjectSection(SolutionItems) = preProject
		.editorconfig = .editorconfig
	EndProjectSection
EndProject
Project("{FAE04EC0-301F-11D3-BF4B-00C04F79EFBC}") = "Ordering.API", "Services\Ordering\Ordering.API\Ordering.API.csproj", "{F1B8A101-1864-45C4-90D0-6EB9F5FDE083}"
EndProject
Project("{FAE04EC0-301F-11D3-BF4B-00C04F79EFBC}") = "Ordering.Infrastructure", "Services\Ordering\Ordering.Infrastructure\Ordering.Infrastructure.csproj", "{1DFCE459-3F55-4136-8AF0-B72E8DB70B10}"
EndProject
Project("{2150E333-8FDC-42A3-9474-1A3956D46DE8}") = "BuildingBlocks", "BuildingBlocks", "{E63ED8BC-3A0B-4652-9F09-2427F66AE41B}"
EndProject
Project("{FAE04EC0-301F-11D3-BF4B-00C04F79EFBC}") = "EventBus.Messages", "BuildingBlocks\EventBus.Messages\EventBus.Messages.csproj", "{F4B06660-F418-4738-B713-94602F849EA4}"
EndProject
Project("{2150E333-8FDC-42A3-9474-1A3956D46DE8}") = "ApiGateways", "ApiGateways", "{9BAA3E1E-A159-4AEF-BC81-7EE0363718D8}"
EndProject
Project("{FAE04EC0-301F-11D3-BF4B-00C04F79EFBC}") = "OcelotApiGw", "ApiGateways\OcelotApiGw\OcelotApiGw.csproj", "{39CA86C4-04BD-4B92-84A0-B557121D3162}"
EndProject
Global
	GlobalSection(SolutionConfigurationPlatforms) = preSolution
		Debug|Any CPU = Debug|Any CPU
		Release|Any CPU = Release|Any CPU
	EndGlobalSection
	GlobalSection(ProjectConfigurationPlatforms) = postSolution
		{EFFF2685-D50F-486A-81B0-5DB43943F3C1}.Debug|Any CPU.ActiveCfg = Debug|Any CPU
		{EFFF2685-D50F-486A-81B0-5DB43943F3C1}.Debug|Any CPU.Build.0 = Debug|Any CPU
		{EFFF2685-D50F-486A-81B0-5DB43943F3C1}.Release|Any CPU.ActiveCfg = Release|Any CPU
		{EFFF2685-D50F-486A-81B0-5DB43943F3C1}.Release|Any CPU.Build.0 = Release|Any CPU
		{5A799D72-45C9-4E11-A1B3-443CA2897E5F}.Debug|Any CPU.ActiveCfg = Debug|Any CPU
		{5A799D72-45C9-4E11-A1B3-443CA2897E5F}.Debug|Any CPU.Build.0 = Debug|Any CPU
		{5A799D72-45C9-4E11-A1B3-443CA2897E5F}.Release|Any CPU.ActiveCfg = Release|Any CPU
		{5A799D72-45C9-4E11-A1B3-443CA2897E5F}.Release|Any CPU.Build.0 = Release|Any CPU
		{54D6909C-724F-4C78-91C8-1A04095F3D1E}.Debug|Any CPU.ActiveCfg = Debug|Any CPU
		{54D6909C-724F-4C78-91C8-1A04095F3D1E}.Debug|Any CPU.Build.0 = Debug|Any CPU
		{54D6909C-724F-4C78-91C8-1A04095F3D1E}.Release|Any CPU.ActiveCfg = Release|Any CPU
		{54D6909C-724F-4C78-91C8-1A04095F3D1E}.Release|Any CPU.Build.0 = Release|Any CPU
		{E0E1E90B-7951-4BE2-BD14-B02E984D46A1}.Debug|Any CPU.ActiveCfg = Debug|Any CPU
		{E0E1E90B-7951-4BE2-BD14-B02E984D46A1}.Debug|Any CPU.Build.0 = Debug|Any CPU
		{E0E1E90B-7951-4BE2-BD14-B02E984D46A1}.Release|Any CPU.ActiveCfg = Release|Any CPU
		{E0E1E90B-7951-4BE2-BD14-B02E984D46A1}.Release|Any CPU.Build.0 = Release|Any CPU
		{51B48758-95B9-4044-B934-0AE85AD485BC}.Debug|Any CPU.ActiveCfg = Debug|Any CPU
		{51B48758-95B9-4044-B934-0AE85AD485BC}.Debug|Any CPU.Build.0 = Debug|Any CPU
		{51B48758-95B9-4044-B934-0AE85AD485BC}.Release|Any CPU.ActiveCfg = Release|Any CPU
		{51B48758-95B9-4044-B934-0AE85AD485BC}.Release|Any CPU.Build.0 = Release|Any CPU
		{FB9F33BD-9E4F-42C1-B457-2981F564E1BF}.Debug|Any CPU.ActiveCfg = Debug|Any CPU
		{FB9F33BD-9E4F-42C1-B457-2981F564E1BF}.Debug|Any CPU.Build.0 = Debug|Any CPU
		{FB9F33BD-9E4F-42C1-B457-2981F564E1BF}.Release|Any CPU.ActiveCfg = Release|Any CPU
		{FB9F33BD-9E4F-42C1-B457-2981F564E1BF}.Release|Any CPU.Build.0 = Release|Any CPU
		{12528C36-ADD2-497B-81F6-BDA90CB7BBC7}.Debug|Any CPU.ActiveCfg = Debug|Any CPU
		{12528C36-ADD2-497B-81F6-BDA90CB7BBC7}.Debug|Any CPU.Build.0 = Debug|Any CPU
		{12528C36-ADD2-497B-81F6-BDA90CB7BBC7}.Release|Any CPU.ActiveCfg = Release|Any CPU
		{12528C36-ADD2-497B-81F6-BDA90CB7BBC7}.Release|Any CPU.Build.0 = Release|Any CPU
		{F1B8A101-1864-45C4-90D0-6EB9F5FDE083}.Debug|Any CPU.ActiveCfg = Debug|Any CPU
		{F1B8A101-1864-45C4-90D0-6EB9F5FDE083}.Debug|Any CPU.Build.0 = Debug|Any CPU
		{F1B8A101-1864-45C4-90D0-6EB9F5FDE083}.Release|Any CPU.ActiveCfg = Release|Any CPU
		{F1B8A101-1864-45C4-90D0-6EB9F5FDE083}.Release|Any CPU.Build.0 = Release|Any CPU
		{1DFCE459-3F55-4136-8AF0-B72E8DB70B10}.Debug|Any CPU.ActiveCfg = Debug|Any CPU
		{1DFCE459-3F55-4136-8AF0-B72E8DB70B10}.Debug|Any CPU.Build.0 = Debug|Any CPU
		{1DFCE459-3F55-4136-8AF0-B72E8DB70B10}.Release|Any CPU.ActiveCfg = Release|Any CPU
		{1DFCE459-3F55-4136-8AF0-B72E8DB70B10}.Release|Any CPU.Build.0 = Release|Any CPU
		{F4B06660-F418-4738-B713-94602F849EA4}.Debug|Any CPU.ActiveCfg = Debug|Any CPU
		{F4B06660-F418-4738-B713-94602F849EA4}.Debug|Any CPU.Build.0 = Debug|Any CPU
		{F4B06660-F418-4738-B713-94602F849EA4}.Release|Any CPU.ActiveCfg = Release|Any CPU
		{F4B06660-F418-4738-B713-94602F849EA4}.Release|Any CPU.Build.0 = Release|Any CPU
		{39CA86C4-04BD-4B92-84A0-B557121D3162}.Debug|Any CPU.ActiveCfg = Debug|Any CPU
		{39CA86C4-04BD-4B92-84A0-B557121D3162}.Debug|Any CPU.Build.0 = Debug|Any CPU
		{39CA86C4-04BD-4B92-84A0-B557121D3162}.Release|Any CPU.ActiveCfg = Release|Any CPU
		{39CA86C4-04BD-4B92-84A0-B557121D3162}.Release|Any CPU.Build.0 = Release|Any CPU
	EndGlobalSection
	GlobalSection(SolutionProperties) = preSolution
		HideSolutionNode = FALSE
	EndGlobalSection
	GlobalSection(ExtensibilityGlobals) = postSolution
		SolutionGuid = {FEE1F41A-5C68-4D73-92C6-6C5FB50DA483}
	EndGlobalSection
	GlobalSection(NestedProjects) = preSolution
		{856F5C04-86B8-413D-8BE1-8EE0BA7BB85E} = {AE5C6D54-A607-4D79-AB5C-86C8D88A1547}
		{EFFF2685-D50F-486A-81B0-5DB43943F3C1} = {856F5C04-86B8-413D-8BE1-8EE0BA7BB85E}
		{8AC5AD72-B116-46C8-AB97-36D6DDA6B811} = {AE5C6D54-A607-4D79-AB5C-86C8D88A1547}
		{54D6909C-724F-4C78-91C8-1A04095F3D1E} = {8AC5AD72-B116-46C8-AB97-36D6DDA6B811}
		{085D8F9B-36DC-47CD-98E4-6BF17D77D532} = {AE5C6D54-A607-4D79-AB5C-86C8D88A1547}
		{E0E1E90B-7951-4BE2-BD14-B02E984D46A1} = {085D8F9B-36DC-47CD-98E4-6BF17D77D532}
		{51B48758-95B9-4044-B934-0AE85AD485BC} = {085D8F9B-36DC-47CD-98E4-6BF17D77D532}
		{BB4B90DF-731C-487E-9831-B90EF97817B4} = {AE5C6D54-A607-4D79-AB5C-86C8D88A1547}
		{FB9F33BD-9E4F-42C1-B457-2981F564E1BF} = {BB4B90DF-731C-487E-9831-B90EF97817B4}
		{12528C36-ADD2-497B-81F6-BDA90CB7BBC7} = {BB4B90DF-731C-487E-9831-B90EF97817B4}
		{F1B8A101-1864-45C4-90D0-6EB9F5FDE083} = {BB4B90DF-731C-487E-9831-B90EF97817B4}
		{1DFCE459-3F55-4136-8AF0-B72E8DB70B10} = {BB4B90DF-731C-487E-9831-B90EF97817B4}
		{F4B06660-F418-4738-B713-94602F849EA4} = {E63ED8BC-3A0B-4652-9F09-2427F66AE41B}
		{39CA86C4-04BD-4B92-84A0-B557121D3162} = {9BAA3E1E-A159-4AEF-BC81-7EE0363718D8}
	EndGlobalSection
EndGlobal
